
Microsoft Visual Studio Solution File, Format Version 12.00
# Visual Studio Version 17
VisualStudioVersion = 17.7.34202.233
MinimumVisualStudioVersion = 10.0.40219.1
Project("{9A19103F-16F7-4668-BE54-9A1E7A4F7556}") = "MeuPrimeiroApp", "MeuPrimeiroApp.csproj", "{0243C7B4-FBDD-4AD5-B17F-AE6900AE19DA}"
EndProject
Project("{FAE04EC0-301F-11D3-BF4B-00C04F79EFBC}") = "Tipos", "..\Tipos\Tipos.csproj", "{70D7EC82-3644-4255-9FF7-D51758E6A332}"
EndProject
Project("{FAE04EC0-301F-11D3-BF4B-00C04F79EFBC}") = "Idade", "..\Idade\Idade.csproj", "{C8628F7F-DF68-47F4-95AA-690E2A4B515B}"
EndProject
Global
	GlobalSection(SolutionConfigurationPlatforms) = preSolution
		Debug|Any CPU = Debug|Any CPU
		Release|Any CPU = Release|Any CPU
	EndGlobalSection
	GlobalSection(ProjectConfigurationPlatforms) = postSolution
		{0243C7B4-FBDD-4AD5-B17F-AE6900AE19DA}.Debug|Any CPU.ActiveCfg = Debug|Any CPU
		{0243C7B4-FBDD-4AD5-B17F-AE6900AE19DA}.Debug|Any CPU.Build.0 = Debug|Any CPU
		{0243C7B4-FBDD-4AD5-B17F-AE6900AE19DA}.Release|Any CPU.ActiveCfg = Release|Any CPU
		{0243C7B4-FBDD-4AD5-B17F-AE6900AE19DA}.Release|Any CPU.Build.0 = Release|Any CPU
		{70D7EC82-3644-4255-9FF7-D51758E6A332}.Debug|Any CPU.ActiveCfg = Debug|Any CPU
		{70D7EC82-3644-4255-9FF7-D51758E6A332}.Debug|Any CPU.Build.0 = Debug|Any CPU
		{70D7EC82-3644-4255-9FF7-D51758E6A332}.Release|Any CPU.ActiveCfg = Release|Any CPU
		{70D7EC82-3644-4255-9FF7-D51758E6A332}.Release|Any CPU.Build.0 = Release|Any CPU
		{C8628F7F-DF68-47F4-95AA-690E2A4B515B}.Debug|Any CPU.ActiveCfg = Debug|Any CPU
		{C8628F7F-DF68-47F4-95AA-690E2A4B515B}.Debug|Any CPU.Build.0 = Debug|Any CPU
		{C8628F7F-DF68-47F4-95AA-690E2A4B515B}.Release|Any CPU.ActiveCfg = Release|Any CPU
		{C8628F7F-DF68-47F4-95AA-690E2A4B515B}.Release|Any CPU.Build.0 = Release|Any CPU
	EndGlobalSection
	GlobalSection(SolutionProperties) = preSolution
		HideSolutionNode = FALSE
	EndGlobalSection
	GlobalSection(ExtensibilityGlobals) = postSolution
		SolutionGuid = {61677B69-FA53-458A-B722-E7D5BC6376B7}
	EndGlobalSection
EndGlobal
